{
  "name": "mehdi-touil.github.io",
  "lockfileVersion": 2,
  "requires": true,
  "packages": {
    "": {
      "dependencies": {
        "@glidejs/glide": "^3.5.2",
        "fullpage.js": "^4.0.9"
      }
    },
    "node_modules/@glidejs/glide": {
      "version": "3.5.2",
      "resolved": "https://registry.npmjs.org/@glidejs/glide/-/glide-3.5.2.tgz",
      "integrity": "sha512-7jGciNJ2bQ4eZLSNlSZ+VAyW63kALf420CvkEpK4lEsUfWJq9odqimci0YCiyNyMUFB+pWHwLYyNc57dijYsCg=="
    },
    "node_modules/fullpage.js": {
      "version": "4.0.9",
      "resolved": "https://registry.npmjs.org/fullpage.js/-/fullpage.js-4.0.9.tgz",
      "integrity": "sha512-/P9P8WqK5B1ZKGqT9PQmDdQY2xTg2lt3ersb+/X1kA47NlBakNyS/W4Zw9otW1loG2Or2OAh15VKaJVPsdMNVw=="
    }
  },
  "dependencies": {
    "@glidejs/glide": {
      "version": "3.5.2",
      "resolved": "https://registry.npmjs.org/@glidejs/glide/-/glide-3.5.2.tgz",
      "integrity": "sha512-7jGciNJ2bQ4eZLSNlSZ+VAyW63kALf420CvkEpK4lEsUfWJq9odqimci0YCiyNyMUFB+pWHwLYyNc57dijYsCg=="
    },
    "fullpage.js": {
      "version": "4.0.9",
      "resolved": "https://registry.npmjs.org/fullpage.js/-/fullpage.js-4.0.9.tgz",
      "integrity": "sha512-/P9P8WqK5B1ZKGqT9PQmDdQY2xTg2lt3ersb+/X1kA47NlBakNyS/W4Zw9otW1loG2Or2OAh15VKaJVPsdMNVw=="
    }
  }
}
